
Microsoft Visual Studio Solution File, Format Version 12.00
Project("{FAE04EC0-301F-11D3-BF4B-00C04F79EFBC}") = "TMC_Workzone_Mapping", "TMC_Workzone_Mapping.csproj", "{8CB7BB89-635A-4846-809C-2F2D78F4D857}"
EndProject
Global
	GlobalSection(SolutionConfigurationPlatforms) = preSolution
		Debug|Any CPU = Debug|Any CPU
		Release|Any CPU = Release|Any CPU
	EndGlobalSection
	GlobalSection(ProjectConfigurationPlatforms) = postSolution
		{8CB7BB89-635A-4846-809C-2F2D78F4D857}.Debug|Any CPU.ActiveCfg = Debug|Any CPU
		{8CB7BB89-635A-4846-809C-2F2D78F4D857}.Debug|Any CPU.Build.0 = Debug|Any CPU
		{8CB7BB89-635A-4846-809C-2F2D78F4D857}.Release|Any CPU.ActiveCfg = Release|Any CPU
		{8CB7BB89-635A-4846-809C-2F2D78F4D857}.Release|Any CPU.Build.0 = Release|Any CPU
	EndGlobalSection
EndGlobal
